
Microsoft Visual Studio Solution File, Format Version 12.00
# Visual Studio Version 16
VisualStudioVersion = 16.0.28803.202
MinimumVisualStudioVersion = 10.0.40219.1
Project("{8BC9CEB8-8B4A-11D0-8D11-00A0C91BC942}") = "Chapter1", "Chapter1\Chapter1.vcxproj", "{5A83D0EC-C190-48C3-B2EB-4E12EF3E4975}"
EndProject
Project("{8BC9CEB8-8B4A-11D0-8D11-00A0C91BC942}") = "Chapter1-14", "Chapter1-14\Chapter1-14.vcxproj", "{199AC3A4-9FD7-48DB-9477-15F87BB4DB97}"
EndProject
Project("{8BC9CEB8-8B4A-11D0-8D11-00A0C91BC942}") = "chapter2_4", "chapter2_4\chapter2_4.vcxproj", "{9656F48A-028B-45DA-B6C0-121E03BCF592}"
EndProject
Project("{8BC9CEB8-8B4A-11D0-8D11-00A0C91BC942}") = "chapter2_5", "chapter2_5\chapter2_5.vcxproj", "{A2D1435A-B6D1-40B6-A182-6714E90226AD}"
EndProject
Project("{8BC9CEB8-8B4A-11D0-8D11-00A0C91BC942}") = "chapter2_6", "chapter2_6\chapter2_6.vcxproj", "{CFE9DA64-6C52-435E-B3B0-8615078FD703}"
EndProject
Project("{8BC9CEB8-8B4A-11D0-8D11-00A0C91BC942}") = "sy2_3", "sy2_3\sy2_3.vcxproj", "{ACBB54BE-48B2-4ACB-A043-E1298386CF48}"
EndProject
Project("{8BC9CEB8-8B4A-11D0-8D11-00A0C91BC942}") = "chapter3_4", "chapter3_4\chapter3_4.vcxproj", "{6149718C-B0E1-4CAB-ACE3-05EA9C3AB0C8}"
EndProject
Project("{8BC9CEB8-8B4A-11D0-8D11-00A0C91BC942}") = "chapter3_5", "chapter3_5\chapter3_5.vcxproj", "{8DC7D4CC-E2A6-4A5A-A63F-84C241572C40}"
EndProject
Project("{8BC9CEB8-8B4A-11D0-8D11-00A0C91BC942}") = "chapter3_6", "chapter3_6\chapter3_6.vcxproj", "{57223EE1-AC9C-4610-8D7C-62B5CDE7ADA4}"
EndProject
Project("{8BC9CEB8-8B4A-11D0-8D11-00A0C91BC942}") = "chapter3_7", "chapter3_7\chapter3_7.vcxproj", "{FAED8A8C-1E80-4FB0-A024-4B857C863128}"
EndProject
Project("{8BC9CEB8-8B4A-11D0-8D11-00A0C91BC942}") = "chapter3_9", "chapter3_9\chapter3_9.vcxproj", "{192B32D0-9257-4CB5-8695-84FAB8B5D3D7}"
EndProject
Project("{8BC9CEB8-8B4A-11D0-8D11-00A0C91BC942}") = "chapter3_10", "chapter3_10\chapter3_10.vcxproj", "{8DB1615A-73BD-4746-B75C-329EF0C110CA}"
EndProject
Project("{8BC9CEB8-8B4A-11D0-8D11-00A0C91BC942}") = "chapter3_11", "chapter3_11\chapter3_11.vcxproj", "{81C1231D-59CD-4792-BD25-F7BCA4787409}"
EndProject
Project("{8BC9CEB8-8B4A-11D0-8D11-00A0C91BC942}") = "chapter4_2", "chapter4_2\chapter4_2.vcxproj", "{FF6FD971-766E-4967-B0D3-FF223542657F}"
EndProject
Project("{8BC9CEB8-8B4A-11D0-8D11-00A0C91BC942}") = "chapter4_3", "chapter4_3\chapter4_3.vcxproj", "{D7942A77-E344-47D4-BFE6-B7595D5C08AD}"
EndProject
Project("{8BC9CEB8-8B4A-11D0-8D11-00A0C91BC942}") = "chapter4_4", "chapter4_4\chapter4_4.vcxproj", "{DE16C13A-7EF8-4673-BBE2-1367A743FF5E}"
EndProject
Project("{8BC9CEB8-8B4A-11D0-8D11-00A0C91BC942}") = "chapter4_5", "chapter4_5\chapter4_5.vcxproj", "{E502FED4-8109-4923-9DFB-5CFC32C114CC}"
EndProject
Project("{8BC9CEB8-8B4A-11D0-8D11-00A0C91BC942}") = "chapter4_6", "chapter4_6\chapter4_6.vcxproj", "{A4EE1D0A-3F19-4188-B99D-27CEED82949A}"
EndProject
Project("{8BC9CEB8-8B4A-11D0-8D11-00A0C91BC942}") = "skt3", "skt3\skt3.vcxproj", "{F604AF79-388A-43FC-A56C-4A0B9C8EB2DA}"
EndProject
Global
	GlobalSection(SolutionConfigurationPlatforms) = preSolution
		Debug|x64 = Debug|x64
		Debug|x86 = Debug|x86
		Release|x64 = Release|x64
		Release|x86 = Release|x86
	EndGlobalSection
	GlobalSection(ProjectConfigurationPlatforms) = postSolution
		{5A83D0EC-C190-48C3-B2EB-4E12EF3E4975}.Debug|x64.ActiveCfg = Debug|x64
		{5A83D0EC-C190-48C3-B2EB-4E12EF3E4975}.Debug|x64.Build.0 = Debug|x64
		{5A83D0EC-C190-48C3-B2EB-4E12EF3E4975}.Debug|x86.ActiveCfg = Debug|Win32
		{5A83D0EC-C190-48C3-B2EB-4E12EF3E4975}.Debug|x86.Build.0 = Debug|Win32
		{5A83D0EC-C190-48C3-B2EB-4E12EF3E4975}.Release|x64.ActiveCfg = Release|x64
		{5A83D0EC-C190-48C3-B2EB-4E12EF3E4975}.Release|x64.Build.0 = Release|x64
		{5A83D0EC-C190-48C3-B2EB-4E12EF3E4975}.Release|x86.ActiveCfg = Release|Win32
		{5A83D0EC-C190-48C3-B2EB-4E12EF3E4975}.Release|x86.Build.0 = Release|Win32
		{199AC3A4-9FD7-48DB-9477-15F87BB4DB97}.Debug|x64.ActiveCfg = Debug|x64
		{199AC3A4-9FD7-48DB-9477-15F87BB4DB97}.Debug|x64.Build.0 = Debug|x64
		{199AC3A4-9FD7-48DB-9477-15F87BB4DB97}.Debug|x86.ActiveCfg = Debug|Win32
		{199AC3A4-9FD7-48DB-9477-15F87BB4DB97}.Debug|x86.Build.0 = Debug|Win32
		{199AC3A4-9FD7-48DB-9477-15F87BB4DB97}.Release|x64.ActiveCfg = Release|x64
		{199AC3A4-9FD7-48DB-9477-15F87BB4DB97}.Release|x64.Build.0 = Release|x64
		{199AC3A4-9FD7-48DB-9477-15F87BB4DB97}.Release|x86.ActiveCfg = Release|Win32
		{199AC3A4-9FD7-48DB-9477-15F87BB4DB97}.Release|x86.Build.0 = Release|Win32
		{9656F48A-028B-45DA-B6C0-121E03BCF592}.Debug|x64.ActiveCfg = Debug|x64
		{9656F48A-028B-45DA-B6C0-121E03BCF592}.Debug|x64.Build.0 = Debug|x64
		{9656F48A-028B-45DA-B6C0-121E03BCF592}.Debug|x86.ActiveCfg = Debug|Win32
		{9656F48A-028B-45DA-B6C0-121E03BCF592}.Debug|x86.Build.0 = Debug|Win32
		{9656F48A-028B-45DA-B6C0-121E03BCF592}.Release|x64.ActiveCfg = Release|x64
		{9656F48A-028B-45DA-B6C0-121E03BCF592}.Release|x64.Build.0 = Release|x64
		{9656F48A-028B-45DA-B6C0-121E03BCF592}.Release|x86.ActiveCfg = Release|Win32
		{9656F48A-028B-45DA-B6C0-121E03BCF592}.Release|x86.Build.0 = Release|Win32
		{A2D1435A-B6D1-40B6-A182-6714E90226AD}.Debug|x64.ActiveCfg = Debug|x64
		{A2D1435A-B6D1-40B6-A182-6714E90226AD}.Debug|x64.Build.0 = Debug|x64
		{A2D1435A-B6D1-40B6-A182-6714E90226AD}.Debug|x86.ActiveCfg = Debug|Win32
		{A2D1435A-B6D1-40B6-A182-6714E90226AD}.Debug|x86.Build.0 = Debug|Win32
		{A2D1435A-B6D1-40B6-A182-6714E90226AD}.Release|x64.ActiveCfg = Release|x64
		{A2D1435A-B6D1-40B6-A182-6714E90226AD}.Release|x64.Build.0 = Release|x64
		{A2D1435A-B6D1-40B6-A182-6714E90226AD}.Release|x86.ActiveCfg = Release|Win32
		{A2D1435A-B6D1-40B6-A182-6714E90226AD}.Release|x86.Build.0 = Release|Win32
		{CFE9DA64-6C52-435E-B3B0-8615078FD703}.Debug|x64.ActiveCfg = Debug|x64
		{CFE9DA64-6C52-435E-B3B0-8615078FD703}.Debug|x64.Build.0 = Debug|x64
		{CFE9DA64-6C52-435E-B3B0-8615078FD703}.Debug|x86.ActiveCfg = Debug|Win32
		{CFE9DA64-6C52-435E-B3B0-8615078FD703}.Debug|x86.Build.0 = Debug|Win32
		{CFE9DA64-6C52-435E-B3B0-8615078FD703}.Release|x64.ActiveCfg = Release|x64
		{CFE9DA64-6C52-435E-B3B0-8615078FD703}.Release|x64.Build.0 = Release|x64
		{CFE9DA64-6C52-435E-B3B0-8615078FD703}.Release|x86.ActiveCfg = Release|Win32
		{CFE9DA64-6C52-435E-B3B0-8615078FD703}.Release|x86.Build.0 = Release|Win32
		{ACBB54BE-48B2-4ACB-A043-E1298386CF48}.Debug|x64.ActiveCfg = Debug|x64
		{ACBB54BE-48B2-4ACB-A043-E1298386CF48}.Debug|x64.Build.0 = Debug|x64
		{ACBB54BE-48B2-4ACB-A043-E1298386CF48}.Debug|x86.ActiveCfg = Debug|Win32
		{ACBB54BE-48B2-4ACB-A043-E1298386CF48}.Debug|x86.Build.0 = Debug|Win32
		{ACBB54BE-48B2-4ACB-A043-E1298386CF48}.Release|x64.ActiveCfg = Release|x64
		{ACBB54BE-48B2-4ACB-A043-E1298386CF48}.Release|x64.Build.0 = Release|x64
		{ACBB54BE-48B2-4ACB-A043-E1298386CF48}.Release|x86.ActiveCfg = Release|Win32
		{ACBB54BE-48B2-4ACB-A043-E1298386CF48}.Release|x86.Build.0 = Release|Win32
		{6149718C-B0E1-4CAB-ACE3-05EA9C3AB0C8}.Debug|x64.ActiveCfg = Debug|x64
		{6149718C-B0E1-4CAB-ACE3-05EA9C3AB0C8}.Debug|x64.Build.0 = Debug|x64
		{6149718C-B0E1-4CAB-ACE3-05EA9C3AB0C8}.Debug|x86.ActiveCfg = Debug|Win32
		{6149718C-B0E1-4CAB-ACE3-05EA9C3AB0C8}.Debug|x86.Build.0 = Debug|Win32
		{6149718C-B0E1-4CAB-ACE3-05EA9C3AB0C8}.Release|x64.ActiveCfg = Release|x64
		{6149718C-B0E1-4CAB-ACE3-05EA9C3AB0C8}.Release|x64.Build.0 = Release|x64
		{6149718C-B0E1-4CAB-ACE3-05EA9C3AB0C8}.Release|x86.ActiveCfg = Release|Win32
		{6149718C-B0E1-4CAB-ACE3-05EA9C3AB0C8}.Release|x86.Build.0 = Release|Win32
		{8DC7D4CC-E2A6-4A5A-A63F-84C241572C40}.Debug|x64.ActiveCfg = Debug|x64
		{8DC7D4CC-E2A6-4A5A-A63F-84C241572C40}.Debug|x64.Build.0 = Debug|x64
		{8DC7D4CC-E2A6-4A5A-A63F-84C241572C40}.Debug|x86.ActiveCfg = Debug|Win32
		{8DC7D4CC-E2A6-4A5A-A63F-84C241572C40}.Debug|x86.Build.0 = Debug|Win32
		{8DC7D4CC-E2A6-4A5A-A63F-84C241572C40}.Release|x64.ActiveCfg = Release|x64
		{8DC7D4CC-E2A6-4A5A-A63F-84C241572C40}.Release|x64.Build.0 = Release|x64
		{8DC7D4CC-E2A6-4A5A-A63F-84C241572C40}.Release|x86.ActiveCfg = Release|Win32
		{8DC7D4CC-E2A6-4A5A-A63F-84C241572C40}.Release|x86.Build.0 = Release|Win32
		{57223EE1-AC9C-4610-8D7C-62B5CDE7ADA4}.Debug|x64.ActiveCfg = Debug|x64
		{57223EE1-AC9C-4610-8D7C-62B5CDE7ADA4}.Debug|x64.Build.0 = Debug|x64
		{57223EE1-AC9C-4610-8D7C-62B5CDE7ADA4}.Debug|x86.ActiveCfg = Debug|Win32
		{57223EE1-AC9C-4610-8D7C-62B5CDE7ADA4}.Debug|x86.Build.0 = Debug|Win32
		{57223EE1-AC9C-4610-8D7C-62B5CDE7ADA4}.Release|x64.ActiveCfg = Release|x64
		{57223EE1-AC9C-4610-8D7C-62B5CDE7ADA4}.Release|x64.Build.0 = Release|x64
		{57223EE1-AC9C-4610-8D7C-62B5CDE7ADA4}.Release|x86.ActiveCfg = Release|Win32
		{57223EE1-AC9C-4610-8D7C-62B5CDE7ADA4}.Release|x86.Build.0 = Release|Win32
		{FAED8A8C-1E80-4FB0-A024-4B857C863128}.Debug|x64.ActiveCfg = Debug|x64
		{FAED8A8C-1E80-4FB0-A024-4B857C863128}.Debug|x64.Build.0 = Debug|x64
		{FAED8A8C-1E80-4FB0-A024-4B857C863128}.Debug|x86.ActiveCfg = Debug|Win32
		{FAED8A8C-1E80-4FB0-A024-4B857C863128}.Debug|x86.Build.0 = Debug|Win32
		{FAED8A8C-1E80-4FB0-A024-4B857C863128}.Release|x64.ActiveCfg = Release|x64
		{FAED8A8C-1E80-4FB0-A024-4B857C863128}.Release|x64.Build.0 = Release|x64
		{FAED8A8C-1E80-4FB0-A024-4B857C863128}.Release|x86.ActiveCfg = Release|Win32
		{FAED8A8C-1E80-4FB0-A024-4B857C863128}.Release|x86.Build.0 = Release|Win32
		{192B32D0-9257-4CB5-8695-84FAB8B5D3D7}.Debug|x64.ActiveCfg = Debug|x64
		{192B32D0-9257-4CB5-8695-84FAB8B5D3D7}.Debug|x64.Build.0 = Debug|x64
		{192B32D0-9257-4CB5-8695-84FAB8B5D3D7}.Debug|x86.ActiveCfg = Debug|Win32
		{192B32D0-9257-4CB5-8695-84FAB8B5D3D7}.Debug|x86.Build.0 = Debug|Win32
		{192B32D0-9257-4CB5-8695-84FAB8B5D3D7}.Release|x64.ActiveCfg = Release|x64
		{192B32D0-9257-4CB5-8695-84FAB8B5D3D7}.Release|x64.Build.0 = Release|x64
		{192B32D0-9257-4CB5-8695-84FAB8B5D3D7}.Release|x86.ActiveCfg = Release|Win32
		{192B32D0-9257-4CB5-8695-84FAB8B5D3D7}.Release|x86.Build.0 = Release|Win32
		{8DB1615A-73BD-4746-B75C-329EF0C110CA}.Debug|x64.ActiveCfg = Debug|x64
		{8DB1615A-73BD-4746-B75C-329EF0C110CA}.Debug|x64.Build.0 = Debug|x64
		{8DB1615A-73BD-4746-B75C-329EF0C110CA}.Debug|x86.ActiveCfg = Debug|Win32
		{8DB1615A-73BD-4746-B75C-329EF0C110CA}.Debug|x86.Build.0 = Debug|Win32
		{8DB1615A-73BD-4746-B75C-329EF0C110CA}.Release|x64.ActiveCfg = Release|x64
		{8DB1615A-73BD-4746-B75C-329EF0C110CA}.Release|x64.Build.0 = Release|x64
		{8DB1615A-73BD-4746-B75C-329EF0C110CA}.Release|x86.ActiveCfg = Release|Win32
		{8DB1615A-73BD-4746-B75C-329EF0C110CA}.Release|x86.Build.0 = Release|Win32
		{81C1231D-59CD-4792-BD25-F7BCA4787409}.Debug|x64.ActiveCfg = Debug|x64
		{81C1231D-59CD-4792-BD25-F7BCA4787409}.Debug|x64.Build.0 = Debug|x64
		{81C1231D-59CD-4792-BD25-F7BCA4787409}.Debug|x86.ActiveCfg = Debug|Win32
		{81C1231D-59CD-4792-BD25-F7BCA4787409}.Debug|x86.Build.0 = Debug|Win32
		{81C1231D-59CD-4792-BD25-F7BCA4787409}.Release|x64.ActiveCfg = Release|x64
		{81C1231D-59CD-4792-BD25-F7BCA4787409}.Release|x64.Build.0 = Release|x64
		{81C1231D-59CD-4792-BD25-F7BCA4787409}.Release|x86.ActiveCfg = Release|Win32
		{81C1231D-59CD-4792-BD25-F7BCA4787409}.Release|x86.Build.0 = Release|Win32
		{FF6FD971-766E-4967-B0D3-FF223542657F}.Debug|x64.ActiveCfg = Debug|x64
		{FF6FD971-766E-4967-B0D3-FF223542657F}.Debug|x64.Build.0 = Debug|x64
		{FF6FD971-766E-4967-B0D3-FF223542657F}.Debug|x86.ActiveCfg = Debug|Win32
		{FF6FD971-766E-4967-B0D3-FF223542657F}.Debug|x86.Build.0 = Debug|Win32
		{FF6FD971-766E-4967-B0D3-FF223542657F}.Release|x64.ActiveCfg = Release|x64
		{FF6FD971-766E-4967-B0D3-FF223542657F}.Release|x64.Build.0 = Release|x64
		{FF6FD971-766E-4967-B0D3-FF223542657F}.Release|x86.ActiveCfg = Release|Win32
		{FF6FD971-766E-4967-B0D3-FF223542657F}.Release|x86.Build.0 = Release|Win32
		{D7942A77-E344-47D4-BFE6-B7595D5C08AD}.Debug|x64.ActiveCfg = Debug|x64
		{D7942A77-E344-47D4-BFE6-B7595D5C08AD}.Debug|x64.Build.0 = Debug|x64
		{D7942A77-E344-47D4-BFE6-B7595D5C08AD}.Debug|x86.ActiveCfg = Debug|Win32
		{D7942A77-E344-47D4-BFE6-B7595D5C08AD}.Debug|x86.Build.0 = Debug|Win32
		{D7942A77-E344-47D4-BFE6-B7595D5C08AD}.Release|x64.ActiveCfg = Release|x64
		{D7942A77-E344-47D4-BFE6-B7595D5C08AD}.Release|x64.Build.0 = Release|x64
		{D7942A77-E344-47D4-BFE6-B7595D5C08AD}.Release|x86.ActiveCfg = Release|Win32
		{D7942A77-E344-47D4-BFE6-B7595D5C08AD}.Release|x86.Build.0 = Release|Win32
		{DE16C13A-7EF8-4673-BBE2-1367A743FF5E}.Debug|x64.ActiveCfg = Debug|x64
		{DE16C13A-7EF8-4673-BBE2-1367A743FF5E}.Debug|x64.Build.0 = Debug|x64
		{DE16C13A-7EF8-4673-BBE2-1367A743FF5E}.Debug|x86.ActiveCfg = Debug|Win32
		{DE16C13A-7EF8-4673-BBE2-1367A743FF5E}.Debug|x86.Build.0 = Debug|Win32
		{DE16C13A-7EF8-4673-BBE2-1367A743FF5E}.Release|x64.ActiveCfg = Release|x64
		{DE16C13A-7EF8-4673-BBE2-1367A743FF5E}.Release|x64.Build.0 = Release|x64
		{DE16C13A-7EF8-4673-BBE2-1367A743FF5E}.Release|x86.ActiveCfg = Release|Win32
		{DE16C13A-7EF8-4673-BBE2-1367A743FF5E}.Release|x86.Build.0 = Release|Win32
		{E502FED4-8109-4923-9DFB-5CFC32C114CC}.Debug|x64.ActiveCfg = Debug|x64
		{E502FED4-8109-4923-9DFB-5CFC32C114CC}.Debug|x64.Build.0 = Debug|x64
		{E502FED4-8109-4923-9DFB-5CFC32C114CC}.Debug|x86.ActiveCfg = Debug|Win32
		{E502FED4-8109-4923-9DFB-5CFC32C114CC}.Debug|x86.Build.0 = Debug|Win32
		{E502FED4-8109-4923-9DFB-5CFC32C114CC}.Release|x64.ActiveCfg = Release|x64
		{E502FED4-8109-4923-9DFB-5CFC32C114CC}.Release|x64.Build.0 = Release|x64
		{E502FED4-8109-4923-9DFB-5CFC32C114CC}.Release|x86.ActiveCfg = Release|Win32
		{E502FED4-8109-4923-9DFB-5CFC32C114CC}.Release|x86.Build.0 = Release|Win32
		{A4EE1D0A-3F19-4188-B99D-27CEED82949A}.Debug|x64.ActiveCfg = Debug|x64
		{A4EE1D0A-3F19-4188-B99D-27CEED82949A}.Debug|x64.Build.0 = Debug|x64
		{A4EE1D0A-3F19-4188-B99D-27CEED82949A}.Debug|x86.ActiveCfg = Debug|Win32
		{A4EE1D0A-3F19-4188-B99D-27CEED82949A}.Debug|x86.Build.0 = Debug|Win32
		{A4EE1D0A-3F19-4188-B99D-27CEED82949A}.Release|x64.ActiveCfg = Release|x64
		{A4EE1D0A-3F19-4188-B99D-27CEED82949A}.Release|x64.Build.0 = Release|x64
		{A4EE1D0A-3F19-4188-B99D-27CEED82949A}.Release|x86.ActiveCfg = Release|Win32
		{A4EE1D0A-3F19-4188-B99D-27CEED82949A}.Release|x86.Build.0 = Release|Win32
		{F604AF79-388A-43FC-A56C-4A0B9C8EB2DA}.Debug|x64.ActiveCfg = Debug|x64
		{F604AF79-388A-43FC-A56C-4A0B9C8EB2DA}.Debug|x64.Build.0 = Debug|x64
		{F604AF79-388A-43FC-A56C-4A0B9C8EB2DA}.Debug|x86.ActiveCfg = Debug|Win32
		{F604AF79-388A-43FC-A56C-4A0B9C8EB2DA}.Debug|x86.Build.0 = Debug|Win32
		{F604AF79-388A-43FC-A56C-4A0B9C8EB2DA}.Release|x64.ActiveCfg = Release|x64
		{F604AF79-388A-43FC-A56C-4A0B9C8EB2DA}.Release|x64.Build.0 = Release|x64
		{F604AF79-388A-43FC-A56C-4A0B9C8EB2DA}.Release|x86.ActiveCfg = Release|Win32
		{F604AF79-388A-43FC-A56C-4A0B9C8EB2DA}.Release|x86.Build.0 = Release|Win32
	EndGlobalSection
	GlobalSection(SolutionProperties) = preSolution
		HideSolutionNode = FALSE
	EndGlobalSection
	GlobalSection(ExtensibilityGlobals) = postSolution
		SolutionGuid = {9198DE04-EFB4-4B18-A18F-BCC1DA57BDAE}
	EndGlobalSection
EndGlobal
